// !$*UTF8*$!
{
	archiveVersion = 1;
	classes = {
	};
	objectVersion = 56;
	objects = {

/* Begin PBXBuildFile section */
		F16870FD2AD633A40032BB4B /* AppDelegate.swift in Sources */ = {isa = PBXBuildFile; fileRef = F16870FC2AD633A40032BB4B /* AppDelegate.swift */; };
		F16870FF2AD633A40032BB4B /* SceneDelegate.swift in Sources */ = {isa = PBXBuildFile; fileRef = F16870FE2AD633A40032BB4B /* SceneDelegate.swift */; };
		F16871062AD633A60032BB4B /* Assets.xcassets in Resources */ = {isa = PBXBuildFile; fileRef = F16871052AD633A60032BB4B /* Assets.xcassets */; };
		F16871092AD633A60032BB4B /* LaunchScreen.storyboard in Resources */ = {isa = PBXBuildFile; fileRef = F16871072AD633A60032BB4B /* LaunchScreen.storyboard */; };
		F16871132AD634270032BB4B /* LoginViewController.swift in Sources */ = {isa = PBXBuildFile; fileRef = F16871112AD634270032BB4B /* LoginViewController.swift */; };
		F16871142AD634270032BB4B /* LoginViewController.xib in Resources */ = {isa = PBXBuildFile; fileRef = F16871122AD634270032BB4B /* LoginViewController.xib */; };
		F16871182AD634820032BB4B /* DragonBallZNetworkModel.swift in Sources */ = {isa = PBXBuildFile; fileRef = F16871172AD634820032BB4B /* DragonBallZNetworkModel.swift */; };
		F1694EE52ADA32AA00892A1E /* Hero.swift in Sources */ = {isa = PBXBuildFile; fileRef = F1694EE42ADA32AA00892A1E /* Hero.swift */; };
		F1694F002ADE407200892A1E /* HeroeDetailTableViewCell.swift in Sources */ = {isa = PBXBuildFile; fileRef = F1694EFE2ADE407200892A1E /* HeroeDetailTableViewCell.swift */; };
		F1694F012ADE407200892A1E /* HeroeDetailTableViewCell.xib in Resources */ = {isa = PBXBuildFile; fileRef = F1694EFF2ADE407200892A1E /* HeroeDetailTableViewCell.xib */; };
		F1694F062AE1AF6F00892A1E /* HeroTransformation.swift in Sources */ = {isa = PBXBuildFile; fileRef = F1694F052AE1AF6F00892A1E /* HeroTransformation.swift */; };
		F1694F152AE5EF8300892A1E /* DragonBallZNetworkModelTest.swift in Sources */ = {isa = PBXBuildFile; fileRef = F1694F142AE5EF8300892A1E /* DragonBallZNetworkModelTest.swift */; };
		F1CCD8F92AD787E500D40ADA /* TableViewController.swift in Sources */ = {isa = PBXBuildFile; fileRef = F1CCD8F72AD787E500D40ADA /* TableViewController.swift */; };
		F1CCD8FA2AD787E500D40ADA /* TableViewController.xib in Resources */ = {isa = PBXBuildFile; fileRef = F1CCD8F82AD787E500D40ADA /* TableViewController.xib */; };
		F1CCD9012AD78D9A00D40ADA /* HeroeTableViewCell.swift in Sources */ = {isa = PBXBuildFile; fileRef = F1CCD8FF2AD78D9A00D40ADA /* HeroeTableViewCell.swift */; };
		F1CCD9022AD78D9A00D40ADA /* HeroeTableViewCell.xib in Resources */ = {isa = PBXBuildFile; fileRef = F1CCD9002AD78D9A00D40ADA /* HeroeTableViewCell.xib */; };
/* End PBXBuildFile section */

/* Begin PBXContainerItemProxy section */
		F1694F0F2AE5EE6200892A1E /* PBXContainerItemProxy */ = {
			isa = PBXContainerItemProxy;
			containerPortal = F16870F12AD633A40032BB4B /* Project object */;
			proxyType = 1;
			remoteGlobalIDString = F16870F82AD633A40032BB4B;
			remoteInfo = DragonBallZ;
		};
/* End PBXContainerItemProxy section */

/* Begin PBXFileReference section */
		F16870F92AD633A40032BB4B /* DragonBallZ.app */ = {isa = PBXFileReference; explicitFileType = wrapper.application; includeInIndex = 0; path = DragonBallZ.app; sourceTree = BUILT_PRODUCTS_DIR; };
		F16870FC2AD633A40032BB4B /* AppDelegate.swift */ = {isa = PBXFileReference; lastKnownFileType = sourcecode.swift; path = AppDelegate.swift; sourceTree = "<group>"; };
		F16870FE2AD633A40032BB4B /* SceneDelegate.swift */ = {isa = PBXFileReference; lastKnownFileType = sourcecode.swift; path = SceneDelegate.swift; sourceTree = "<group>"; };
		F16871052AD633A60032BB4B /* Assets.xcassets */ = {isa = PBXFileReference; lastKnownFileType = folder.assetcatalog; path = Assets.xcassets; sourceTree = "<group>"; };
		F16871082AD633A60032BB4B /* Base */ = {isa = PBXFileReference; lastKnownFileType = file.storyboard; name = Base; path = Base.lproj/LaunchScreen.storyboard; sourceTree = "<group>"; };
		F168710A2AD633A60032BB4B /* Info.plist */ = {isa = PBXFileReference; lastKnownFileType = text.plist.xml; path = Info.plist; sourceTree = "<group>"; };
		F16871112AD634270032BB4B /* LoginViewController.swift */ = {isa = PBXFileReference; lastKnownFileType = sourcecode.swift; path = LoginViewController.swift; sourceTree = "<group>"; };
		F16871122AD634270032BB4B /* LoginViewController.xib */ = {isa = PBXFileReference; lastKnownFileType = file.xib; path = LoginViewController.xib; sourceTree = "<group>"; };
		F16871172AD634820032BB4B /* DragonBallZNetworkModel.swift */ = {isa = PBXFileReference; lastKnownFileType = sourcecode.swift; path = DragonBallZNetworkModel.swift; sourceTree = "<group>"; };
		F1694EE42ADA32AA00892A1E /* Hero.swift */ = {isa = PBXFileReference; lastKnownFileType = sourcecode.swift; path = Hero.swift; sourceTree = "<group>"; };
		F1694EFE2ADE407200892A1E /* HeroeDetailTableViewCell.swift */ = {isa = PBXFileReference; lastKnownFileType = sourcecode.swift; path = HeroeDetailTableViewCell.swift; sourceTree = "<group>"; };
		F1694EFF2ADE407200892A1E /* HeroeDetailTableViewCell.xib */ = {isa = PBXFileReference; lastKnownFileType = file.xib; path = HeroeDetailTableViewCell.xib; sourceTree = "<group>"; };
		F1694F052AE1AF6F00892A1E /* HeroTransformation.swift */ = {isa = PBXFileReference; lastKnownFileType = sourcecode.swift; path = HeroTransformation.swift; sourceTree = "<group>"; };
		F1694F0B2AE5EE6200892A1E /* DragonBallZTests.xctest */ = {isa = PBXFileReference; explicitFileType = wrapper.cfbundle; includeInIndex = 0; path = DragonBallZTests.xctest; sourceTree = BUILT_PRODUCTS_DIR; };
		F1694F142AE5EF8300892A1E /* DragonBallZNetworkModelTest.swift */ = {isa = PBXFileReference; lastKnownFileType = sourcecode.swift; path = DragonBallZNetworkModelTest.swift; sourceTree = "<group>"; };
		F1CCD8F72AD787E500D40ADA /* TableViewController.swift */ = {isa = PBXFileReference; lastKnownFileType = sourcecode.swift; path = TableViewController.swift; sourceTree = "<group>"; };
		F1CCD8F82AD787E500D40ADA /* TableViewController.xib */ = {isa = PBXFileReference; lastKnownFileType = file.xib; path = TableViewController.xib; sourceTree = "<group>"; };
		F1CCD8FF2AD78D9A00D40ADA /* HeroeTableViewCell.swift */ = {isa = PBXFileReference; lastKnownFileType = sourcecode.swift; path = HeroeTableViewCell.swift; sourceTree = "<group>"; };
		F1CCD9002AD78D9A00D40ADA /* HeroeTableViewCell.xib */ = {isa = PBXFileReference; lastKnownFileType = file.xib; path = HeroeTableViewCell.xib; sourceTree = "<group>"; };
/* End PBXFileReference section */

/* Begin PBXFrameworksBuildPhase section */
		F16870F62AD633A40032BB4B /* Frameworks */ = {
			isa = PBXFrameworksBuildPhase;
			buildActionMask = 2147483647;
			files = (
			);
			runOnlyForDeploymentPostprocessing = 0;
		};
		F1694F082AE5EE6200892A1E /* Frameworks */ = {
			isa = PBXFrameworksBuildPhase;
			buildActionMask = 2147483647;
			files = (
			);
			runOnlyForDeploymentPostprocessing = 0;
		};
/* End PBXFrameworksBuildPhase section */

/* Begin PBXGroup section */
		F16870F02AD633A40032BB4B = {
			isa = PBXGroup;
			children = (
				F16870FB2AD633A40032BB4B /* DragonBallZ */,
				F1694F0C2AE5EE6200892A1E /* DragonBallZTests */,
				F16870FA2AD633A40032BB4B /* Products */,
			);
			sourceTree = "<group>";
		};
		F16870FA2AD633A40032BB4B /* Products */ = {
			isa = PBXGroup;
			children = (
				F16870F92AD633A40032BB4B /* DragonBallZ.app */,
				F1694F0B2AE5EE6200892A1E /* DragonBallZTests.xctest */,
			);
			name = Products;
			sourceTree = "<group>";
		};
		F16870FB2AD633A40032BB4B /* DragonBallZ */ = {
			isa = PBXGroup;
			children = (
				F16871162AD634650032BB4B /* Models */,
				F16871152AD6342D0032BB4B /* Views */,
				F16871102AD634070032BB4B /* Controllers */,
				F16870FC2AD633A40032BB4B /* AppDelegate.swift */,
				F16870FE2AD633A40032BB4B /* SceneDelegate.swift */,
				F16871072AD633A60032BB4B /* LaunchScreen.storyboard */,
				F16871052AD633A60032BB4B /* Assets.xcassets */,
				F168710A2AD633A60032BB4B /* Info.plist */,
			);
			path = DragonBallZ;
			sourceTree = "<group>";
		};
		F16871102AD634070032BB4B /* Controllers */ = {
			isa = PBXGroup;
			children = (
				F16871112AD634270032BB4B /* LoginViewController.swift */,
				F1CCD8F72AD787E500D40ADA /* TableViewController.swift */,
				F1CCD8FF2AD78D9A00D40ADA /* HeroeTableViewCell.swift */,
				F1694EFE2ADE407200892A1E /* HeroeDetailTableViewCell.swift */,
			);
			path = Controllers;
			sourceTree = "<group>";
		};
		F16871152AD6342D0032BB4B /* Views */ = {
			isa = PBXGroup;
			children = (
				F16871122AD634270032BB4B /* LoginViewController.xib */,
				F1CCD8F82AD787E500D40ADA /* TableViewController.xib */,
				F1CCD9002AD78D9A00D40ADA /* HeroeTableViewCell.xib */,
				F1694EFF2ADE407200892A1E /* HeroeDetailTableViewCell.xib */,
			);
			path = Views;
			sourceTree = "<group>";
		};
		F16871162AD634650032BB4B /* Models */ = {
			isa = PBXGroup;
			children = (
				F16871172AD634820032BB4B /* DragonBallZNetworkModel.swift */,
				F1694EE42ADA32AA00892A1E /* Hero.swift */,
				F1694F052AE1AF6F00892A1E /* HeroTransformation.swift */,
			);
			path = Models;
			sourceTree = "<group>";
		};
		F1694F0C2AE5EE6200892A1E /* DragonBallZTests */ = {
			isa = PBXGroup;
			children = (
				F1694F142AE5EF8300892A1E /* DragonBallZNetworkModelTest.swift */,
			);
			path = DragonBallZTests;
			sourceTree = "<group>";
		};
/* End PBXGroup section */

/* Begin PBXNativeTarget section */
		F16870F82AD633A40032BB4B /* DragonBallZ */ = {
			isa = PBXNativeTarget;
			buildConfigurationList = F168710D2AD633A60032BB4B /* Build configuration list for PBXNativeTarget "DragonBallZ" */;
			buildPhases = (
				F16870F52AD633A40032BB4B /* Sources */,
				F16870F62AD633A40032BB4B /* Frameworks */,
				F16870F72AD633A40032BB4B /* Resources */,
			);
			buildRules = (
			);
			dependencies = (
			);
			name = DragonBallZ;
			productName = DragonBallZ;
			productReference = F16870F92AD633A40032BB4B /* DragonBallZ.app */;
			productType = "com.apple.product-type.application";
		};
		F1694F0A2AE5EE6200892A1E /* DragonBallZTests */ = {
			isa = PBXNativeTarget;
			buildConfigurationList = F1694F112AE5EE6200892A1E /* Build configuration list for PBXNativeTarget "DragonBallZTests" */;
			buildPhases = (
				F1694F072AE5EE6200892A1E /* Sources */,
				F1694F082AE5EE6200892A1E /* Frameworks */,
				F1694F092AE5EE6200892A1E /* Resources */,
			);
			buildRules = (
			);
			dependencies = (
				F1694F102AE5EE6200892A1E /* PBXTargetDependency */,
			);
			name = DragonBallZTests;
			productName = DragonBallZTests;
			productReference = F1694F0B2AE5EE6200892A1E /* DragonBallZTests.xctest */;
			productType = "com.apple.product-type.bundle.unit-test";
		};
/* End PBXNativeTarget section */

/* Begin PBXProject section */
		F16870F12AD633A40032BB4B /* Project object */ = {
			isa = PBXProject;
			attributes = {
				BuildIndependentTargetsInParallel = 1;
				LastSwiftUpdateCheck = 1500;
				LastUpgradeCheck = 1500;
				TargetAttributes = {
					F16870F82AD633A40032BB4B = {
						CreatedOnToolsVersion = 15.0;
					};
					F1694F0A2AE5EE6200892A1E = {
						CreatedOnToolsVersion = 15.0;
						LastSwiftMigration = 1500;
						TestTargetID = F16870F82AD633A40032BB4B;
					};
				};
			};
			buildConfigurationList = F16870F42AD633A40032BB4B /* Build configuration list for PBXProject "DragonBallZ" */;
			compatibilityVersion = "Xcode 14.0";
			developmentRegion = en;
			hasScannedForEncodings = 0;
			knownRegions = (
				en,
				Base,
			);
			mainGroup = F16870F02AD633A40032BB4B;
			productRefGroup = F16870FA2AD633A40032BB4B /* Products */;
			projectDirPath = "";
			projectRoot = "";
			targets = (
				F16870F82AD633A40032BB4B /* DragonBallZ */,
				F1694F0A2AE5EE6200892A1E /* DragonBallZTests */,
			);
		};
/* End PBXProject section */

/* Begin PBXResourcesBuildPhase section */
		F16870F72AD633A40032BB4B /* Resources */ = {
			isa = PBXResourcesBuildPhase;
			buildActionMask = 2147483647;
			files = (
				F1CCD9022AD78D9A00D40ADA /* HeroeTableViewCell.xib in Resources */,
				F16871092AD633A60032BB4B /* LaunchScreen.storyboard in Resources */,
				F1CCD8FA2AD787E500D40ADA /* TableViewController.xib in Resources */,
				F1694F012ADE407200892A1E /* HeroeDetailTableViewCell.xib in Resources */,
				F16871062AD633A60032BB4B /* Assets.xcassets in Resources */,
				F16871142AD634270032BB4B /* LoginViewController.xib in Resources */,
			);
			runOnlyForDeploymentPostprocessing = 0;
		};
		F1694F092AE5EE6200892A1E /* Resources */ = {
			isa = PBXResourcesBuildPhase;
			buildActionMask = 2147483647;
			files = (
			);
			runOnlyForDeploymentPostprocessing = 0;
		};
/* End PBXResourcesBuildPhase section */

/* Begin PBXSourcesBuildPhase section */
		F16870F52AD633A40032BB4B /* Sources */ = {
			isa = PBXSourcesBuildPhase;
			buildActionMask = 2147483647;
			files = (
				F16871132AD634270032BB4B /* LoginViewController.swift in Sources */,
				F1CCD9012AD78D9A00D40ADA /* HeroeTableViewCell.swift in Sources */,
				F16870FD2AD633A40032BB4B /* AppDelegate.swift in Sources */,
				F1694F002ADE407200892A1E /* HeroeDetailTableViewCell.swift in Sources */,
				F1CCD8F92AD787E500D40ADA /* TableViewController.swift in Sources */,
				F16871182AD634820032BB4B /* DragonBallZNetworkModel.swift in Sources */,
				F1694EE52ADA32AA00892A1E /* Hero.swift in Sources */,
				F1694F062AE1AF6F00892A1E /* HeroTransformation.swift in Sources */,
				F16870FF2AD633A40032BB4B /* SceneDelegate.swift in Sources */,
			);
			runOnlyForDeploymentPostprocessing = 0;
		};
		F1694F072AE5EE6200892A1E /* Sources */ = {
			isa = PBXSourcesBuildPhase;
			buildActionMask = 2147483647;
			files = (
				F1694F152AE5EF8300892A1E /* DragonBallZNetworkModelTest.swift in Sources */,
			);
			runOnlyForDeploymentPostprocessing = 0;
		};
/* End PBXSourcesBuildPhase section */

/* Begin PBXTargetDependency section */
		F1694F102AE5EE6200892A1E /* PBXTargetDependency */ = {
			isa = PBXTargetDependency;
			target = F16870F82AD633A40032BB4B /* DragonBallZ */;
			targetProxy = F1694F0F2AE5EE6200892A1E /* PBXContainerItemProxy */;
		};
/* End PBXTargetDependency section */

/* Begin PBXVariantGroup section */
		F16871072AD633A60032BB4B /* LaunchScreen.storyboard */ = {
			isa = PBXVariantGroup;
			children = (
				F16871082AD633A60032BB4B /* Base */,
			);
			name = LaunchScreen.storyboard;
			sourceTree = "<group>";
		};
/* End PBXVariantGroup section */

/* Begin XCBuildConfiguration section */
		F168710B2AD633A60032BB4B /* Debug */ = {
			isa = XCBuildConfiguration;
			buildSettings = {
				ALWAYS_SEARCH_USER_PATHS = NO;
				ASSETCATALOG_COMPILER_GENERATE_SWIFT_ASSET_SYMBOL_EXTENSIONS = YES;
				CLANG_ANALYZER_NONNULL = YES;
				CLANG_ANALYZER_NUMBER_OBJECT_CONVERSION = YES_AGGRESSIVE;
				CLANG_CXX_LANGUAGE_STANDARD = "gnu++20";
				CLANG_ENABLE_MODULES = YES;
				CLANG_ENABLE_OBJC_ARC = YES;
				CLANG_ENABLE_OBJC_WEAK = YES;
				CLANG_WARN_BLOCK_CAPTURE_AUTORELEASING = YES;
				CLANG_WARN_BOOL_CONVERSION = YES;
				CLANG_WARN_COMMA = YES;
				CLANG_WARN_CONSTANT_CONVERSION = YES;
				CLANG_WARN_DEPRECATED_OBJC_IMPLEMENTATIONS = YES;
				CLANG_WARN_DIRECT_OBJC_ISA_USAGE = YES_ERROR;
				CLANG_WARN_DOCUMENTATION_COMMENTS = YES;
				CLANG_WARN_EMPTY_BODY = YES;
				CLANG_WARN_ENUM_CONVERSION = YES;
				CLANG_WARN_INFINITE_RECURSION = YES;
				CLANG_WARN_INT_CONVERSION = YES;
				CLANG_WARN_NON_LITERAL_NULL_CONVERSION = YES;
				CLANG_WARN_OBJC_IMPLICIT_RETAIN_SELF = YES;
				CLANG_WARN_OBJC_LITERAL_CONVERSION = YES;
				CLANG_WARN_OBJC_ROOT_CLASS = YES_ERROR;
				CLANG_WARN_QUOTED_INCLUDE_IN_FRAMEWORK_HEADER = YES;
				CLANG_WARN_RANGE_LOOP_ANALYSIS = YES;
				CLANG_WARN_STRICT_PROTOTYPES = YES;
				CLANG_WARN_SUSPICIOUS_MOVE = YES;
				CLANG_WARN_UNGUARDED_AVAILABILITY = YES_AGGRESSIVE;
				CLANG_WARN_UNREACHABLE_CODE = YES;
				CLANG_WARN__DUPLICATE_METHOD_MATCH = YES;
				COPY_PHASE_STRIP = NO;
				DEBUG_INFORMATION_FORMAT = dwarf;
				ENABLE_STRICT_OBJC_MSGSEND = YES;
				ENABLE_TESTABILITY = YES;
				ENABLE_USER_SCRIPT_SANDBOXING = YES;
				GCC_C_LANGUAGE_STANDARD = gnu17;
				GCC_DYNAMIC_NO_PIC = NO;
				GCC_NO_COMMON_BLOCKS = YES;
				GCC_OPTIMIZATION_LEVEL = 0;
				GCC_PREPROCESSOR_DEFINITIONS = (
					"DEBUG=1",
					"$(inherited)",
				);
				GCC_WARN_64_TO_32_BIT_CONVERSION = YES;
				GCC_WARN_ABOUT_RETURN_TYPE = YES_ERROR;
				GCC_WARN_UNDECLARED_SELECTOR = YES;
				GCC_WARN_UNINITIALIZED_AUTOS = YES_AGGRESSIVE;
				GCC_WARN_UNUSED_FUNCTION = YES;
				GCC_WARN_UNUSED_VARIABLE = YES;
				IPHONEOS_DEPLOYMENT_TARGET = 17.0;
				LOCALIZATION_PREFERS_STRING_CATALOGS = YES;
				MTL_ENABLE_DEBUG_INFO = INCLUDE_SOURCE;
				MTL_FAST_MATH = YES;
				ONLY_ACTIVE_ARCH = YES;
				SDKROOT = iphoneos;
				SWIFT_ACTIVE_COMPILATION_CONDITIONS = "DEBUG $(inherited)";
				SWIFT_OPTIMIZATION_LEVEL = "-Onone";
			};
			name = Debug;
		};
		F168710C2AD633A60032BB4B /* Release */ = {
			isa = XCBuildConfiguration;
			buildSettings = {
				ALWAYS_SEARCH_USER_PATHS = NO;
				ASSETCATALOG_COMPILER_GENERATE_SWIFT_ASSET_SYMBOL_EXTENSIONS = YES;
				CLANG_ANALYZER_NONNULL = YES;
				CLANG_ANALYZER_NUMBER_OBJECT_CONVERSION = YES_AGGRESSIVE;
				CLANG_CXX_LANGUAGE_STANDARD = "gnu++20";
				CLANG_ENABLE_MODULES = YES;
				CLANG_ENABLE_OBJC_ARC = YES;
				CLANG_ENABLE_OBJC_WEAK = YES;
				CLANG_WARN_BLOCK_CAPTURE_AUTORELEASING = YES;
				CLANG_WARN_BOOL_CONVERSION = YES;
				CLANG_WARN_COMMA = YES;
				CLANG_WARN_CONSTANT_CONVERSION = YES;
				CLANG_WARN_DEPRECATED_OBJC_IMPLEMENTATIONS = YES;
				CLANG_WARN_DIRECT_OBJC_ISA_USAGE = YES_ERROR;
				CLANG_WARN_DOCUMENTATION_COMMENTS = YES;
				CLANG_WARN_EMPTY_BODY = YES;
				CLANG_WARN_ENUM_CONVERSION = YES;
				CLANG_WARN_INFINITE_RECURSION = YES;
				CLANG_WARN_INT_CONVERSION = YES;
				CLANG_WARN_NON_LITERAL_NULL_CONVERSION = YES;
				CLANG_WARN_OBJC_IMPLICIT_RETAIN_SELF = YES;
				CLANG_WARN_OBJC_LITERAL_CONVERSION = YES;
				CLANG_WARN_OBJC_ROOT_CLASS = YES_ERROR;
				CLANG_WARN_QUOTED_INCLUDE_IN_FRAMEWORK_HEADER = YES;
				CLANG_WARN_RANGE_LOOP_ANALYSIS = YES;
				CLANG_WARN_STRICT_PROTOTYPES = YES;
				CLANG_WARN_SUSPICIOUS_MOVE = YES;
				CLANG_WARN_UNGUARDED_AVAILABILITY = YES_AGGRESSIVE;
				CLANG_WARN_UNREACHABLE_CODE = YES;
				CLANG_WARN__DUPLICATE_METHOD_MATCH = YES;
				COPY_PHASE_STRIP = NO;
				DEBUG_INFORMATION_FORMAT = "dwarf-with-dsym";
				ENABLE_NS_ASSERTIONS = NO;
				ENABLE_STRICT_OBJC_MSGSEND = YES;
				ENABLE_USER_SCRIPT_SANDBOXING = YES;
				GCC_C_LANGUAGE_STANDARD = gnu17;
				GCC_NO_COMMON_BLOCKS = YES;
				GCC_WARN_64_TO_32_BIT_CONVERSION = YES;
				GCC_WARN_ABOUT_RETURN_TYPE = YES_ERROR;
				GCC_WARN_UNDECLARED_SELECTOR = YES;
				GCC_WARN_UNINITIALIZED_AUTOS = YES_AGGRESSIVE;
				GCC_WARN_UNUSED_FUNCTION = YES;
				GCC_WARN_UNUSED_VARIABLE = YES;
				IPHONEOS_DEPLOYMENT_TARGET = 17.0;
				LOCALIZATION_PREFERS_STRING_CATALOGS = YES;
				MTL_ENABLE_DEBUG_INFO = NO;
				MTL_FAST_MATH = YES;
				SDKROOT = iphoneos;
				SWIFT_COMPILATION_MODE = wholemodule;
				VALIDATE_PRODUCT = YES;
			};
			name = Release;
		};
		F168710E2AD633A60032BB4B /* Debug */ = {
			isa = XCBuildConfiguration;
			buildSettings = {
				ASSETCATALOG_COMPILER_APPICON_NAME = AppIcon;
				ASSETCATALOG_COMPILER_GLOBAL_ACCENT_COLOR_NAME = AccentColor;
				CODE_SIGN_STYLE = Automatic;
				CURRENT_PROJECT_VERSION = 1;
				DEVELOPMENT_TEAM = 2V6HX2J9BY;
				GENERATE_INFOPLIST_FILE = YES;
				INFOPLIST_FILE = DragonBallZ/Info.plist;
				INFOPLIST_KEY_LSApplicationCategoryType = "";
				INFOPLIST_KEY_UIApplicationSupportsIndirectInputEvents = YES;
				INFOPLIST_KEY_UILaunchStoryboardName = LaunchScreen;
				INFOPLIST_KEY_UIStatusBarStyle = "";
				INFOPLIST_KEY_UISupportedInterfaceOrientations_iPad = "UIInterfaceOrientationPortrait UIInterfaceOrientationPortraitUpsideDown UIInterfaceOrientationLandscapeLeft UIInterfaceOrientationLandscapeRight";
				INFOPLIST_KEY_UISupportedInterfaceOrientations_iPhone = "UIInterfaceOrientationPortrait UIInterfaceOrientationLandscapeLeft UIInterfaceOrientationLandscapeRight";
				LD_RUNPATH_SEARCH_PATHS = (
					"$(inherited)",
					"@executable_path/Frameworks",
				);
				MARKETING_VERSION = 1.0;
				PRODUCT_BUNDLE_IDENTIFIER = "Organizacio-n-de-Cristian.DragonBallZ";
				PRODUCT_NAME = "$(TARGET_NAME)";
				SWIFT_EMIT_LOC_STRINGS = YES;
				SWIFT_VERSION = 5.0;
				TARGETED_DEVICE_FAMILY = "1,2";
			};
			name = Debug;
		};
		F168710F2AD633A60032BB4B /* Release */ = {
			isa = XCBuildConfiguration;
			buildSettings = {
				ASSETCATALOG_COMPILER_APPICON_NAME = AppIcon;
				ASSETCATALOG_COMPILER_GLOBAL_ACCENT_COLOR_NAME = AccentColor;
				CODE_SIGN_STYLE = Automatic;
				CURRENT_PROJECT_VERSION = 1;
				DEVELOPMENT_TEAM = 2V6HX2J9BY;
				GENERATE_INFOPLIST_FILE = YES;
				INFOPLIST_FILE = DragonBallZ/Info.plist;
				INFOPLIST_KEY_LSApplicationCategoryType = "";
				INFOPLIST_KEY_UIApplicationSupportsIndirectInputEvents = YES;
				INFOPLIST_KEY_UILaunchStoryboardName = LaunchScreen;
				INFOPLIST_KEY_UIStatusBarStyle = "";
				INFOPLIST_KEY_UISupportedInterfaceOrientations_iPad = "UIInterfaceOrientationPortrait UIInterfaceOrientationPortraitUpsideDown UIInterfaceOrientationLandscapeLeft UIInterfaceOrientationLandscapeRight";
				INFOPLIST_KEY_UISupportedInterfaceOrientations_iPhone = "UIInterfaceOrientationPortrait UIInterfaceOrientationLandscapeLeft UIInterfaceOrientationLandscapeRight";
				LD_RUNPATH_SEARCH_PATHS = (
					"$(inherited)",
					"@executable_path/Frameworks",
				);
				MARKETING_VERSION = 1.0;
				PRODUCT_BUNDLE_IDENTIFIER = "Organizacio-n-de-Cristian.DragonBallZ";
				PRODUCT_NAME = "$(TARGET_NAME)";
				SWIFT_EMIT_LOC_STRINGS = YES;
				SWIFT_VERSION = 5.0;
				TARGETED_DEVICE_FAMILY = "1,2";
			};
			name = Release;
		};
		F1694F122AE5EE6200892A1E /* Debug */ = {
			isa = XCBuildConfiguration;
			buildSettings = {
				BUNDLE_LOADER = "$(TEST_HOST)";
				CLANG_ENABLE_MODULES = YES;
				CODE_SIGN_STYLE = Automatic;
				CURRENT_PROJECT_VERSION = 1;
				DEVELOPMENT_TEAM = 2V6HX2J9BY;
				GENERATE_INFOPLIST_FILE = YES;
				MARKETING_VERSION = 1.0;
				PRODUCT_BUNDLE_IDENTIFIER = "Organizacio-n-de-Cristian.DragonBallZTests";
				PRODUCT_NAME = "$(TARGET_NAME)";
				SWIFT_EMIT_LOC_STRINGS = NO;
				SWIFT_OPTIMIZATION_LEVEL = "-Onone";
				SWIFT_VERSION = 5.0;
				TARGETED_DEVICE_FAMILY = "1,2";
				TEST_HOST = "$(BUILT_PRODUCTS_DIR)/DragonBallZ.app/$(BUNDLE_EXECUTABLE_FOLDER_PATH)/DragonBallZ";
			};
			name = Debug;
		};
		F1694F132AE5EE6200892A1E /* Release */ = {
			isa = XCBuildConfiguration;
			buildSettings = {
				BUNDLE_LOADER = "$(TEST_HOST)";
				CLANG_ENABLE_MODULES = YES;
				CODE_SIGN_STYLE = Automatic;
				CURRENT_PROJECT_VERSION = 1;
				DEVELOPMENT_TEAM = 2V6HX2J9BY;
				GENERATE_INFOPLIST_FILE = YES;
				MARKETING_VERSION = 1.0;
				PRODUCT_BUNDLE_IDENTIFIER = "Organizacio-n-de-Cristian.DragonBallZTests";
				PRODUCT_NAME = "$(TARGET_NAME)";
				SWIFT_EMIT_LOC_STRINGS = NO;
				SWIFT_VERSION = 5.0;
				TARGETED_DEVICE_FAMILY = "1,2";
				TEST_HOST = "$(BUILT_PRODUCTS_DIR)/DragonBallZ.app/$(BUNDLE_EXECUTABLE_FOLDER_PATH)/DragonBallZ";
			};
			name = Release;
		};
/* End XCBuildConfiguration section */

/* Begin XCConfigurationList section */
		F16870F42AD633A40032BB4B /* Build configuration list for PBXProject "DragonBallZ" */ = {
			isa = XCConfigurationList;
			buildConfigurations = (
				F168710B2AD633A60032BB4B /* Debug */,
				F168710C2AD633A60032BB4B /* Release */,
			);
			defaultConfigurationIsVisible = 0;
			defaultConfigurationName = Release;
		};
		F168710D2AD633A60032BB4B /* Build configuration list for PBXNativeTarget "DragonBallZ" */ = {
			isa = XCConfigurationList;
			buildConfigurations = (
				F168710E2AD633A60032BB4B /* Debug */,
				F168710F2AD633A60032BB4B /* Release */,
			);
			defaultConfigurationIsVisible = 0;
			defaultConfigurationName = Release;
		};
		F1694F112AE5EE6200892A1E /* Build configuration list for PBXNativeTarget "DragonBallZTests" */ = {
			isa = XCConfigurationList;
			buildConfigurations = (
				F1694F122AE5EE6200892A1E /* Debug */,
				F1694F132AE5EE6200892A1E /* Release */,
			);
			defaultConfigurationIsVisible = 0;
			defaultConfigurationName = Release;
		};
/* End XCConfigurationList section */
	};
	rootObject = F16870F12AD633A40032BB4B /* Project object */;
}
